
Microsoft Visual Studio Solution File, Format Version 12.00
# Visual Studio 14
VisualStudioVersion = 14.0.25420.1
MinimumVisualStudioVersion = 10.0.40219.1
Project("{8BC9CEB8-8B4A-11D0-8D11-00A0C91BC942}") = "queryGenerator", "queryGenerator.vcxproj", "{FC4827D4-0583-41A9-A25D-EB8064950D35}"
EndProject
Global
	GlobalSection(SolutionConfigurationPlatforms) = preSolution
		Debug|x64 = Debug|x64
		Debug|x86 = Debug|x86
		Release|x64 = Release|x64
		Release|x86 = Release|x86
	EndGlobalSection
	GlobalSection(ProjectConfigurationPlatforms) = postSolution
		{FC4827D4-0583-41A9-A25D-EB8064950D35}.Debug|x64.ActiveCfg = Debug|x64
		{FC4827D4-0583-41A9-A25D-EB8064950D35}.Debug|x64.Build.0 = Debug|x64
		{FC4827D4-0583-41A9-A25D-EB8064950D35}.Debug|x86.ActiveCfg = Debug|Win32
		{FC4827D4-0583-41A9-A25D-EB8064950D35}.Debug|x86.Build.0 = Debug|Win32
		{FC4827D4-0583-41A9-A25D-EB8064950D35}.Release|x64.ActiveCfg = Release|x64
		{FC4827D4-0583-41A9-A25D-EB8064950D35}.Release|x64.Build.0 = Release|x64
		{FC4827D4-0583-41A9-A25D-EB8064950D35}.Release|x86.ActiveCfg = Release|Win32
	EndGlobalSection
	GlobalSection(SolutionProperties) = preSolution
		HideSolutionNode = FALSE
	EndGlobalSection
EndGlobal
