<?xml version="1.0" encoding="utf-8"?>
<Project ToolsVersion="4.0" xmlns="http://schemas.microsoft.com/developer/msbuild/2003">
  <ItemGroup>
    <Filter Include="Source Files">
      <UniqueIdentifier>{4FC737F1-C7A5-4376-A066-2A32D752A2FF}</UniqueIdentifier>
      <Extensions>cpp;c;cc;cxx;def;odl;idl;hpj;bat;asm;asmx</Extensions>
    </Filter>
    <Filter Include="Header Files">
      <UniqueIdentifier>{93995380-89BD-4b04-88EB-625FBE52EBFB}</UniqueIdentifier>
      <Extensions>h;hh;hpp;hxx;hm;inl;inc;xsd</Extensions>
    </Filter>
    <Filter Include="Resource Files">
      <UniqueIdentifier>{67DA6AB6-F800-4c08-8B7A-83BB121AAD01}</UniqueIdentifier>
      <Extensions>rc;ico;cur;bmp;dlg;rc2;rct;bin;rgs;gif;jpg;jpeg;jpe;resx;tiff;tif;png;wav;mfcribbon-ms</Extensions>
    </Filter>
  </ItemGroup>
  <ItemGroup>
    <Text Include="ReadMe.txt" />
  </ItemGroup>
  <ItemGroup>
    <ClCompile Include="..\corpusGenerator.c">
      <Filter>Source Files</Filter>
    </ClCompile>
    <ClCompile Include="..\syntheticCollections.c">
      <Filter>Source Files</Filter>
    </ClCompile>
    <ClCompile Include="..\BodoDave.c">
      <Filter>Source Files</Filter>
    </ClCompile>
    <ClCompile Include="..\bubbleBabble.c">
      <Filter>Source Files</Filter>
    </ClCompile>
    <ClCompile Include="..\MarkovWords.c">
      <Filter>Source Files</Filter>
    </ClCompile>
    <ClCompile Include="..\corpusGeneratorArgTable.c">
      <Filter>Source Files</Filter>
    </ClCompile>
    <ClCompile Include="..\subsumptionLists.c">
      <Filter>Source Files</Filter>
    </ClCompile>
    <ClCompile Include="..\termRepMethods.c">
      <Filter>Source Files</Filter>
    </ClCompile>
    <ClCompile Include="..\wordFeatures.c">
      <Filter>Source Files</Filter>
    </ClCompile>
    <ClCompile Include="..\utils\dahash.c">
      <Filter>Source Files</Filter>
    </ClCompile>
    <ClCompile Include="..\utils\dynamicArrays.c">
      <Filter>Source Files</Filter>
    </ClCompile>
    <ClCompile Include="..\utils\general.c">
      <Filter>Source Files</Filter>
    </ClCompile>
    <ClCompile Include="..\utils\randomNumbers.c">
      <Filter>Source Files</Filter>
    </ClCompile>
    <ClCompile Include="..\characterSetHandling\unicode.c">
      <Filter>Source Files</Filter>
    </ClCompile>
    <ClCompile Include="..\imported\Fowler-Noll-Vo-hash\fnv.c">
      <Filter>Source Files</Filter>
    </ClCompile>
    <ClCompile Include="..\imported\TinyMT_cutdown\tinymt64.c">
      <Filter>Source Files</Filter>
    </ClCompile>
    <ClCompile Include="..\shuffling.c">
      <Filter>Source Files</Filter>
    </ClCompile>
    <ClCompile Include="..\utils\argParser.c">
      <Filter>Source Files</Filter>
    </ClCompile>
  </ItemGroup>
  <ItemGroup>
    <ClInclude Include="..\imported\TinyMT_cutdown\tinymt64.h">
      <Filter>Header Files</Filter>
    </ClInclude>
    <ClInclude Include="..\imported\Fowler-Noll-Vo-hash\fnv.h">
      <Filter>Header Files</Filter>
    </ClInclude>
    <ClInclude Include="..\characterSetHandling\unicode.h">
      <Filter>Header Files</Filter>
    </ClInclude>
    <ClInclude Include="..\utils\argParser.h">
      <Filter>Header Files</Filter>
    </ClInclude>
    <ClInclude Include="..\utils\dahash.h">
      <Filter>Header Files</Filter>
    </ClInclude>
    <ClInclude Include="..\utils\dynamicArrays.h">
      <Filter>Header Files</Filter>
    </ClInclude>
    <ClInclude Include="..\utils\general.h">
      <Filter>Header Files</Filter>
    </ClInclude>
    <ClInclude Include="..\utils\randomNumbers.h">
      <Filter>Header Files</Filter>
    </ClInclude>
    <ClInclude Include="..\BodoDave.h">
      <Filter>Header Files</Filter>
    </ClInclude>
    <ClInclude Include="..\bubbleBabble.h">
      <Filter>Header Files</Filter>
    </ClInclude>
    <ClInclude Include="..\corpusGenerator.h">
      <Filter>Header Files</Filter>
    </ClInclude>
    <ClInclude Include="..\corpusGeneratorArgTable.h">
      <Filter>Header Files</Filter>
    </ClInclude>
    <ClInclude Include="..\MarkovWords.h">
      <Filter>Header Files</Filter>
    </ClInclude>
    <ClInclude Include="..\shuffling.h">
      <Filter>Header Files</Filter>
    </ClInclude>
    <ClInclude Include="..\subsumptionLists.h">
      <Filter>Header Files</Filter>
    </ClInclude>
    <ClInclude Include="..\syntheticCollections.h">
      <Filter>Header Files</Filter>
    </ClInclude>
    <ClInclude Include="..\termRepMethods.h">
      <Filter>Header Files</Filter>
    </ClInclude>
    <ClInclude Include="..\wordFeatures.h">
      <Filter>Header Files</Filter>
    </ClInclude>
  </ItemGroup>
</Project>