
Microsoft Visual Studio Solution File, Format Version 12.00
# Visual Studio 14
VisualStudioVersion = 14.0.25420.1
MinimumVisualStudioVersion = 10.0.40219.1
Project("{8BC9CEB8-8B4A-11D0-8D11-00A0C91BC942}") = "checkSTARCFile", "..\checkSTARCFile\checkSTARCFile.vcxproj", "{C14F4FDE-F9A3-44C3-A225-94C04625CFBC}"
EndProject
Project("{8BC9CEB8-8B4A-11D0-8D11-00A0C91BC942}") = "convertPGToSTARC", "..\convertPGToSTARC\convertPGToSTARC.vcxproj", "{ADBF233B-728C-4B58-B0B7-652E254E506F}"
EndProject
Project("{8BC9CEB8-8B4A-11D0-8D11-00A0C91BC942}") = "corpusGenerator", "..\corpusGenerator\corpusGenerator.vcxproj", "{2F65778D-8CFD-4DB2-9B74-058036350311}"
EndProject
Project("{8BC9CEB8-8B4A-11D0-8D11-00A0C91BC942}") = "corpusPropertyExtractor", "..\corpusPropertyExtractor\corpusPropertyExtractor.vcxproj", "{71B6111F-9B9E-49F7-BBDB-1AC7EC0B9FE7}"
EndProject
Project("{8BC9CEB8-8B4A-11D0-8D11-00A0C91BC942}") = "countDocsInCorpus", "..\countDocsInCorpus\countDocsInCorpus.vcxproj", "{29321DB8-1504-4E5B-9431-D8E3C03E1BCB}"
EndProject
Project("{8BC9CEB8-8B4A-11D0-8D11-00A0C91BC942}") = "dahashDemo", "..\dahashDemo\dahashDemo.vcxproj", "{F8FF9510-81CD-4DAC-AE93-61BA3243E030}"
EndProject
Project("{8BC9CEB8-8B4A-11D0-8D11-00A0C91BC942}") = "queryGenerator", "..\queryGenerator\queryGenerator.vcxproj", "{FC4827D4-0583-41A9-A25D-EB8064950D35}"
EndProject
Project("{8BC9CEB8-8B4A-11D0-8D11-00A0C91BC942}") = "selectRecordsFromFile", "..\selectRecordsFromFile\selectRecordsFromFile.vcxproj", "{3F809DB6-02FE-49F0-B268-0896A46A0B52}"
EndProject
Global
	GlobalSection(SolutionConfigurationPlatforms) = preSolution
		Debug|x64 = Debug|x64
		Debug|x86 = Debug|x86
		Release|x64 = Release|x64
		Release|x86 = Release|x86
	EndGlobalSection
	GlobalSection(ProjectConfigurationPlatforms) = postSolution
		{C14F4FDE-F9A3-44C3-A225-94C04625CFBC}.Debug|x64.ActiveCfg = Debug|x64
		{C14F4FDE-F9A3-44C3-A225-94C04625CFBC}.Debug|x64.Build.0 = Debug|x64
		{C14F4FDE-F9A3-44C3-A225-94C04625CFBC}.Debug|x86.ActiveCfg = Debug|Win32
		{C14F4FDE-F9A3-44C3-A225-94C04625CFBC}.Debug|x86.Build.0 = Debug|Win32
		{C14F4FDE-F9A3-44C3-A225-94C04625CFBC}.Release|x64.ActiveCfg = Release|x64
		{C14F4FDE-F9A3-44C3-A225-94C04625CFBC}.Release|x64.Build.0 = Release|x64
		{C14F4FDE-F9A3-44C3-A225-94C04625CFBC}.Release|x86.ActiveCfg = Release|Win32
		{C14F4FDE-F9A3-44C3-A225-94C04625CFBC}.Release|x86.Build.0 = Release|Win32
		{ADBF233B-728C-4B58-B0B7-652E254E506F}.Debug|x64.ActiveCfg = Debug|x64
		{ADBF233B-728C-4B58-B0B7-652E254E506F}.Debug|x64.Build.0 = Debug|x64
		{ADBF233B-728C-4B58-B0B7-652E254E506F}.Debug|x86.ActiveCfg = Debug|Win32
		{ADBF233B-728C-4B58-B0B7-652E254E506F}.Debug|x86.Build.0 = Debug|Win32
		{ADBF233B-728C-4B58-B0B7-652E254E506F}.Release|x64.ActiveCfg = Release|x64
		{ADBF233B-728C-4B58-B0B7-652E254E506F}.Release|x64.Build.0 = Release|x64
		{ADBF233B-728C-4B58-B0B7-652E254E506F}.Release|x86.ActiveCfg = Release|Win32
		{ADBF233B-728C-4B58-B0B7-652E254E506F}.Release|x86.Build.0 = Release|Win32
		{2F65778D-8CFD-4DB2-9B74-058036350311}.Debug|x64.ActiveCfg = Debug|x64
		{2F65778D-8CFD-4DB2-9B74-058036350311}.Debug|x64.Build.0 = Debug|x64
		{2F65778D-8CFD-4DB2-9B74-058036350311}.Debug|x86.ActiveCfg = Debug|Win32
		{2F65778D-8CFD-4DB2-9B74-058036350311}.Debug|x86.Build.0 = Debug|Win32
		{2F65778D-8CFD-4DB2-9B74-058036350311}.Release|x64.ActiveCfg = Release|x64
		{2F65778D-8CFD-4DB2-9B74-058036350311}.Release|x64.Build.0 = Release|x64
		{2F65778D-8CFD-4DB2-9B74-058036350311}.Release|x86.ActiveCfg = Release|Win32
		{2F65778D-8CFD-4DB2-9B74-058036350311}.Release|x86.Build.0 = Release|Win32
		{71B6111F-9B9E-49F7-BBDB-1AC7EC0B9FE7}.Debug|x64.ActiveCfg = Debug|x64
		{71B6111F-9B9E-49F7-BBDB-1AC7EC0B9FE7}.Debug|x64.Build.0 = Debug|x64
		{71B6111F-9B9E-49F7-BBDB-1AC7EC0B9FE7}.Debug|x86.ActiveCfg = Debug|Win32
		{71B6111F-9B9E-49F7-BBDB-1AC7EC0B9FE7}.Debug|x86.Build.0 = Debug|Win32
		{71B6111F-9B9E-49F7-BBDB-1AC7EC0B9FE7}.Release|x64.ActiveCfg = Release|x64
		{71B6111F-9B9E-49F7-BBDB-1AC7EC0B9FE7}.Release|x64.Build.0 = Release|x64
		{71B6111F-9B9E-49F7-BBDB-1AC7EC0B9FE7}.Release|x86.ActiveCfg = Release|Win32
		{71B6111F-9B9E-49F7-BBDB-1AC7EC0B9FE7}.Release|x86.Build.0 = Release|Win32
		{29321DB8-1504-4E5B-9431-D8E3C03E1BCB}.Debug|x64.ActiveCfg = Debug|x64
		{29321DB8-1504-4E5B-9431-D8E3C03E1BCB}.Debug|x64.Build.0 = Debug|x64
		{29321DB8-1504-4E5B-9431-D8E3C03E1BCB}.Debug|x86.ActiveCfg = Debug|Win32
		{29321DB8-1504-4E5B-9431-D8E3C03E1BCB}.Debug|x86.Build.0 = Debug|Win32
		{29321DB8-1504-4E5B-9431-D8E3C03E1BCB}.Release|x64.ActiveCfg = Release|x64
		{29321DB8-1504-4E5B-9431-D8E3C03E1BCB}.Release|x64.Build.0 = Release|x64
		{29321DB8-1504-4E5B-9431-D8E3C03E1BCB}.Release|x86.ActiveCfg = Release|Win32
		{29321DB8-1504-4E5B-9431-D8E3C03E1BCB}.Release|x86.Build.0 = Release|Win32
		{F8FF9510-81CD-4DAC-AE93-61BA3243E030}.Debug|x64.ActiveCfg = Debug|x64
		{F8FF9510-81CD-4DAC-AE93-61BA3243E030}.Debug|x64.Build.0 = Debug|x64
		{F8FF9510-81CD-4DAC-AE93-61BA3243E030}.Debug|x86.ActiveCfg = Debug|Win32
		{F8FF9510-81CD-4DAC-AE93-61BA3243E030}.Debug|x86.Build.0 = Debug|Win32
		{F8FF9510-81CD-4DAC-AE93-61BA3243E030}.Release|x64.ActiveCfg = Release|x64
		{F8FF9510-81CD-4DAC-AE93-61BA3243E030}.Release|x64.Build.0 = Release|x64
		{F8FF9510-81CD-4DAC-AE93-61BA3243E030}.Release|x86.ActiveCfg = Release|Win32
		{F8FF9510-81CD-4DAC-AE93-61BA3243E030}.Release|x86.Build.0 = Release|Win32
		{FC4827D4-0583-41A9-A25D-EB8064950D35}.Debug|x64.ActiveCfg = Debug|x64
		{FC4827D4-0583-41A9-A25D-EB8064950D35}.Debug|x64.Build.0 = Debug|x64
		{FC4827D4-0583-41A9-A25D-EB8064950D35}.Debug|x86.ActiveCfg = Debug|Win32
		{FC4827D4-0583-41A9-A25D-EB8064950D35}.Debug|x86.Build.0 = Debug|Win32
		{FC4827D4-0583-41A9-A25D-EB8064950D35}.Release|x64.ActiveCfg = Release|x64
		{FC4827D4-0583-41A9-A25D-EB8064950D35}.Release|x64.Build.0 = Release|x64
		{FC4827D4-0583-41A9-A25D-EB8064950D35}.Release|x86.ActiveCfg = Release|Win32
		{FC4827D4-0583-41A9-A25D-EB8064950D35}.Release|x86.Build.0 = Release|Win32
		{3F809DB6-02FE-49F0-B268-0896A46A0B52}.Debug|x64.ActiveCfg = Debug|x64
		{3F809DB6-02FE-49F0-B268-0896A46A0B52}.Debug|x64.Build.0 = Debug|x64
		{3F809DB6-02FE-49F0-B268-0896A46A0B52}.Debug|x86.ActiveCfg = Debug|Win32
		{3F809DB6-02FE-49F0-B268-0896A46A0B52}.Debug|x86.Build.0 = Debug|Win32
		{3F809DB6-02FE-49F0-B268-0896A46A0B52}.Release|x64.ActiveCfg = Release|x64
		{3F809DB6-02FE-49F0-B268-0896A46A0B52}.Release|x64.Build.0 = Release|x64
		{3F809DB6-02FE-49F0-B268-0896A46A0B52}.Release|x86.ActiveCfg = Release|Win32
		{3F809DB6-02FE-49F0-B268-0896A46A0B52}.Release|x86.Build.0 = Release|Win32
	EndGlobalSection
	GlobalSection(SolutionProperties) = preSolution
		HideSolutionNode = FALSE
	EndGlobalSection
EndGlobal
